
Microsoft Visual Studio Solution File, Format Version 12.00
# Visual Studio Version 18
VisualStudioVersion = 18.5.11709.299 stable
MinimumVisualStudioVersion = 10.0.40219.1
Project("{9A19103F-16F7-4668-BE54-9A1E7A4F7556}") = "Pipeliner.Net", "Pipeliner.Net\Pipeliner.Net.csproj", "{39BFC12F-296B-467D-9A1B-D930D6AD7CA0}"
EndProject
Project("{9A19103F-16F7-4668-BE54-9A1E7A4F7556}") = "Pipeliner.Net.UnitTests", "Pipeliner.Net.UnitTests\Pipeliner.Net.UnitTests.csproj", "{9B319675-00F2-4B65-82F4-F8A89D3FFFBC}"
EndProject
Project("{2150E333-8FDC-42A3-9474-1A3956D46DE8}") = "docs", "docs", "{47291DBB-5FC4-4ECB-980A-988FD46B2AAA}"
	ProjectSection(SolutionItems) = preProject
		README.md = README.md
	EndProjectSection
EndProject
Project("{2150E333-8FDC-42A3-9474-1A3956D46DE8}") = "workflows", "workflows", "{505D40EA-DE5B-4DC3-A707-D579E239A2E9}"
	ProjectSection(SolutionItems) = preProject
		.github\workflows\ci.yml = .github\workflows\ci.yml
		.github\workflows\release.yml = .github\workflows\release.yml
	EndProjectSection
EndProject
Project("{FAE04EC0-301F-11D3-BF4B-00C04F79EFBC}") = "Pipeliner.Net.Benchmarks", "Pipeliner.Net.Benchmarks\Pipeliner.Net.Benchmarks.csproj", "{B8FEDD4E-B50D-7034-0589-D8A838BB9B38}"
EndProject
Global
	GlobalSection(SolutionConfigurationPlatforms) = preSolution
		Debug|Any CPU = Debug|Any CPU
		Release|Any CPU = Release|Any CPU
	EndGlobalSection
	GlobalSection(ProjectConfigurationPlatforms) = postSolution
		{39BFC12F-296B-467D-9A1B-D930D6AD7CA0}.Debug|Any CPU.ActiveCfg = Debug|Any CPU
		{39BFC12F-296B-467D-9A1B-D930D6AD7CA0}.Debug|Any CPU.Build.0 = Debug|Any CPU
		{39BFC12F-296B-467D-9A1B-D930D6AD7CA0}.Release|Any CPU.ActiveCfg = Release|Any CPU
		{39BFC12F-296B-467D-9A1B-D930D6AD7CA0}.Release|Any CPU.Build.0 = Release|Any CPU
		{9B319675-00F2-4B65-82F4-F8A89D3FFFBC}.Debug|Any CPU.ActiveCfg = Debug|Any CPU
		{9B319675-00F2-4B65-82F4-F8A89D3FFFBC}.Debug|Any CPU.Build.0 = Debug|Any CPU
		{9B319675-00F2-4B65-82F4-F8A89D3FFFBC}.Release|Any CPU.ActiveCfg = Release|Any CPU
		{9B319675-00F2-4B65-82F4-F8A89D3FFFBC}.Release|Any CPU.Build.0 = Release|Any CPU
		{B8FEDD4E-B50D-7034-0589-D8A838BB9B38}.Debug|Any CPU.ActiveCfg = Debug|Any CPU
		{B8FEDD4E-B50D-7034-0589-D8A838BB9B38}.Debug|Any CPU.Build.0 = Debug|Any CPU
		{B8FEDD4E-B50D-7034-0589-D8A838BB9B38}.Release|Any CPU.ActiveCfg = Release|Any CPU
		{B8FEDD4E-B50D-7034-0589-D8A838BB9B38}.Release|Any CPU.Build.0 = Release|Any CPU
	EndGlobalSection
	GlobalSection(SolutionProperties) = preSolution
		HideSolutionNode = FALSE
	EndGlobalSection
	GlobalSection(ExtensibilityGlobals) = postSolution
		SolutionGuid = {B2B3AA82-8769-4774-BC77-ECFD511F7B2A}
	EndGlobalSection
EndGlobal
